// !$*UTF8*$!
{
	archiveVersion = 1;
	classes = {
	};
	objectVersion = 46;
	objects = {

/* Begin PBXBuildFile section */
		6E01896C1C84701D008E57E3 /* main.m in Sources */ = {isa = PBXBuildFile; fileRef = 6E01896B1C84701D008E57E3 /* main.m */; };
		6E01896F1C84701D008E57E3 /* AppDelegate.m in Sources */ = {isa = PBXBuildFile; fileRef = 6E01896E1C84701D008E57E3 /* AppDelegate.m */; };
		6E0189721C84701D008E57E3 /* ViewController.m in Sources */ = {isa = PBXBuildFile; fileRef = 6E0189711C84701D008E57E3 /* ViewController.m */; };
		6E0189751C84701D008E57E3 /* Main.storyboard in Resources */ = {isa = PBXBuildFile; fileRef = 6E0189731C84701D008E57E3 /* Main.storyboard */; };
		6E0189771C84701D008E57E3 /* Assets.xcassets in Resources */ = {isa = PBXBuildFile; fileRef = 6E0189761C84701D008E57E3 /* Assets.xcassets */; };
		6E01897A1C84701D008E57E3 /* LaunchScreen.storyboard in Resources */ = {isa = PBXBuildFile; fileRef = 6E0189781C84701D008E57E3 /* LaunchScreen.storyboard */; };
		6E0189841C847AC4008E57E3 /* BookstoreViewController.m in Sources */ = {isa = PBXBuildFile; fileRef = 6E0189831C847AC4008E57E3 /* BookstoreViewController.m */; };
		6E0189871C847AF8008E57E3 /* SearchBookViewController.m in Sources */ = {isa = PBXBuildFile; fileRef = 6E0189861C847AF8008E57E3 /* SearchBookViewController.m */; };
		6E01898A1C847B2B008E57E3 /* BookshelfViewController.m in Sources */ = {isa = PBXBuildFile; fileRef = 6E0189891C847B2B008E57E3 /* BookshelfViewController.m */; };
		6E01898D1C847B5A008E57E3 /* MemberViewController.m in Sources */ = {isa = PBXBuildFile; fileRef = 6E01898C1C847B5A008E57E3 /* MemberViewController.m */; };
		6E0189931C848344008E57E3 /* shelf_sel@2x.png in Resources */ = {isa = PBXBuildFile; fileRef = 6E01898F1C848344008E57E3 /* shelf_sel@2x.png */; };
		6E0189941C848344008E57E3 /* shelf_sel@3x.png in Resources */ = {isa = PBXBuildFile; fileRef = 6E0189901C848344008E57E3 /* shelf_sel@3x.png */; };
		6E0189951C848344008E57E3 /* shelf@2x.png in Resources */ = {isa = PBXBuildFile; fileRef = 6E0189911C848344008E57E3 /* shelf@2x.png */; };
		6E0189961C848344008E57E3 /* shelf@3x.png in Resources */ = {isa = PBXBuildFile; fileRef = 6E0189921C848344008E57E3 /* shelf@3x.png */; };
		6E01899B1C848459008E57E3 /* user_sel@2x.png in Resources */ = {isa = PBXBuildFile; fileRef = 6E0189971C848459008E57E3 /* user_sel@2x.png */; };
		6E01899C1C848459008E57E3 /* user_sel@3x.png in Resources */ = {isa = PBXBuildFile; fileRef = 6E0189981C848459008E57E3 /* user_sel@3x.png */; };
		6E01899D1C848459008E57E3 /* user@2x.png in Resources */ = {isa = PBXBuildFile; fileRef = 6E0189991C848459008E57E3 /* user@2x.png */; };
		6E01899E1C848459008E57E3 /* user@3x.png in Resources */ = {isa = PBXBuildFile; fileRef = 6E01899A1C848459008E57E3 /* user@3x.png */; };
		6E0189A31C848687008E57E3 /* home_sel@2x.png in Resources */ = {isa = PBXBuildFile; fileRef = 6E01899F1C848687008E57E3 /* home_sel@2x.png */; };
		6E0189A41C848687008E57E3 /* home_sel@3x.png in Resources */ = {isa = PBXBuildFile; fileRef = 6E0189A01C848687008E57E3 /* home_sel@3x.png */; };
		6E0189A51C848687008E57E3 /* home@2x.png in Resources */ = {isa = PBXBuildFile; fileRef = 6E0189A11C848687008E57E3 /* home@2x.png */; };
		6E0189A61C848687008E57E3 /* home@3x.png in Resources */ = {isa = PBXBuildFile; fileRef = 6E0189A21C848687008E57E3 /* home@3x.png */; };
		6E0189AB1C848C11008E57E3 /* search_sel@2x.png in Resources */ = {isa = PBXBuildFile; fileRef = 6E0189A71C848C11008E57E3 /* search_sel@2x.png */; };
		6E0189AC1C848C11008E57E3 /* search_sel@3x.png in Resources */ = {isa = PBXBuildFile; fileRef = 6E0189A81C848C11008E57E3 /* search_sel@3x.png */; };
		6E0189AD1C848C11008E57E3 /* search@2x.png in Resources */ = {isa = PBXBuildFile; fileRef = 6E0189A91C848C11008E57E3 /* search@2x.png */; };
		6E0189AE1C848C11008E57E3 /* search@3x.png in Resources */ = {isa = PBXBuildFile; fileRef = 6E0189AA1C848C11008E57E3 /* search@3x.png */; };
		6E0189B11C8520D9008E57E3 /* HXTXTabBarController.m in Sources */ = {isa = PBXBuildFile; fileRef = 6E0189B01C8520D9008E57E3 /* HXTXTabBarController.m */; };
/* End PBXBuildFile section */

/* Begin PBXFileReference section */
		6E0189671C84701D008E57E3 /* HongXiuTianXiangApp.app */ = {isa = PBXFileReference; explicitFileType = wrapper.application; includeInIndex = 0; path = HongXiuTianXiangApp.app; sourceTree = BUILT_PRODUCTS_DIR; };
		6E01896B1C84701D008E57E3 /* main.m */ = {isa = PBXFileReference; lastKnownFileType = sourcecode.c.objc; path = main.m; sourceTree = "<group>"; };
		6E01896D1C84701D008E57E3 /* AppDelegate.h */ = {isa = PBXFileReference; lastKnownFileType = sourcecode.c.h; path = AppDelegate.h; sourceTree = "<group>"; };
		6E01896E1C84701D008E57E3 /* AppDelegate.m */ = {isa = PBXFileReference; lastKnownFileType = sourcecode.c.objc; path = AppDelegate.m; sourceTree = "<group>"; };
		6E0189701C84701D008E57E3 /* ViewController.h */ = {isa = PBXFileReference; lastKnownFileType = sourcecode.c.h; path = ViewController.h; sourceTree = "<group>"; };
		6E0189711C84701D008E57E3 /* ViewController.m */ = {isa = PBXFileReference; lastKnownFileType = sourcecode.c.objc; path = ViewController.m; sourceTree = "<group>"; };
		6E0189741C84701D008E57E3 /* Base */ = {isa = PBXFileReference; lastKnownFileType = file.storyboard; name = Base; path = Base.lproj/Main.storyboard; sourceTree = "<group>"; };
		6E0189761C84701D008E57E3 /* Assets.xcassets */ = {isa = PBXFileReference; lastKnownFileType = folder.assetcatalog; path = Assets.xcassets; sourceTree = "<group>"; };
		6E0189791C84701D008E57E3 /* Base */ = {isa = PBXFileReference; lastKnownFileType = file.storyboard; name = Base; path = Base.lproj/LaunchScreen.storyboard; sourceTree = "<group>"; };
		6E01897B1C84701D008E57E3 /* Info.plist */ = {isa = PBXFileReference; lastKnownFileType = text.plist.xml; path = Info.plist; sourceTree = "<group>"; };
		6E0189821C847AC4008E57E3 /* BookstoreViewController.h */ = {isa = PBXFileReference; fileEncoding = 4; lastKnownFileType = sourcecode.c.h; path = BookstoreViewController.h; sourceTree = "<group>"; };
		6E0189831C847AC4008E57E3 /* BookstoreViewController.m */ = {isa = PBXFileReference; fileEncoding = 4; lastKnownFileType = sourcecode.c.objc; path = BookstoreViewController.m; sourceTree = "<group>"; };
		6E0189851C847AF8008E57E3 /* SearchBookViewController.h */ = {isa = PBXFileReference; fileEncoding = 4; lastKnownFileType = sourcecode.c.h; path = SearchBookViewController.h; sourceTree = "<group>"; };
		6E0189861C847AF8008E57E3 /* SearchBookViewController.m */ = {isa = PBXFileReference; fileEncoding = 4; lastKnownFileType = sourcecode.c.objc; path = SearchBookViewController.m; sourceTree = "<group>"; };
		6E0189881C847B2B008E57E3 /* BookshelfViewController.h */ = {isa = PBXFileReference; fileEncoding = 4; lastKnownFileType = sourcecode.c.h; path = BookshelfViewController.h; sourceTree = "<group>"; };
		6E0189891C847B2B008E57E3 /* BookshelfViewController.m */ = {isa = PBXFileReference; fileEncoding = 4; lastKnownFileType = sourcecode.c.objc; path = BookshelfViewController.m; sourceTree = "<group>"; };
		6E01898B1C847B5A008E57E3 /* MemberViewController.h */ = {isa = PBXFileReference; fileEncoding = 4; lastKnownFileType = sourcecode.c.h; path = MemberViewController.h; sourceTree = "<group>"; };
		6E01898C1C847B5A008E57E3 /* MemberViewController.m */ = {isa = PBXFileReference; fileEncoding = 4; lastKnownFileType = sourcecode.c.objc; path = MemberViewController.m; sourceTree = "<group>"; };
		6E01898F1C848344008E57E3 /* shelf_sel@2x.png */ = {isa = PBXFileReference; lastKnownFileType = image.png; path = "shelf_sel@2x.png"; sourceTree = "<group>"; };
		6E0189901C848344008E57E3 /* shelf_sel@3x.png */ = {isa = PBXFileReference; lastKnownFileType = image.png; path = "shelf_sel@3x.png"; sourceTree = "<group>"; };
		6E0189911C848344008E57E3 /* shelf@2x.png */ = {isa = PBXFileReference; lastKnownFileType = image.png; path = "shelf@2x.png"; sourceTree = "<group>"; };
		6E0189921C848344008E57E3 /* shelf@3x.png */ = {isa = PBXFileReference; lastKnownFileType = image.png; path = "shelf@3x.png"; sourceTree = "<group>"; };
		6E0189971C848459008E57E3 /* user_sel@2x.png */ = {isa = PBXFileReference; lastKnownFileType = image.png; path = "user_sel@2x.png"; sourceTree = "<group>"; };
		6E0189981C848459008E57E3 /* user_sel@3x.png */ = {isa = PBXFileReference; lastKnownFileType = image.png; path = "user_sel@3x.png"; sourceTree = "<group>"; };
		6E0189991C848459008E57E3 /* user@2x.png */ = {isa = PBXFileReference; lastKnownFileType = image.png; path = "user@2x.png"; sourceTree = "<group>"; };
		6E01899A1C848459008E57E3 /* user@3x.png */ = {isa = PBXFileReference; lastKnownFileType = image.png; path = "user@3x.png"; sourceTree = "<group>"; };
		6E01899F1C848687008E57E3 /* home_sel@2x.png */ = {isa = PBXFileReference; lastKnownFileType = image.png; path = "home_sel@2x.png"; sourceTree = "<group>"; };
		6E0189A01C848687008E57E3 /* home_sel@3x.png */ = {isa = PBXFileReference; lastKnownFileType = image.png; path = "home_sel@3x.png"; sourceTree = "<group>"; };
		6E0189A11C848687008E57E3 /* home@2x.png */ = {isa = PBXFileReference; lastKnownFileType = image.png; path = "home@2x.png"; sourceTree = "<group>"; };
		6E0189A21C848687008E57E3 /* home@3x.png */ = {isa = PBXFileReference; lastKnownFileType = image.png; path = "home@3x.png"; sourceTree = "<group>"; };
		6E0189A71C848C11008E57E3 /* search_sel@2x.png */ = {isa = PBXFileReference; lastKnownFileType = image.png; path = "search_sel@2x.png"; sourceTree = "<group>"; };
		6E0189A81C848C11008E57E3 /* search_sel@3x.png */ = {isa = PBXFileReference; lastKnownFileType = image.png; path = "search_sel@3x.png"; sourceTree = "<group>"; };
		6E0189A91C848C11008E57E3 /* search@2x.png */ = {isa = PBXFileReference; lastKnownFileType = image.png; path = "search@2x.png"; sourceTree = "<group>"; };
		6E0189AA1C848C11008E57E3 /* search@3x.png */ = {isa = PBXFileReference; lastKnownFileType = image.png; path = "search@3x.png"; sourceTree = "<group>"; };
		6E0189AF1C8520D9008E57E3 /* HXTXTabBarController.h */ = {isa = PBXFileReference; fileEncoding = 4; lastKnownFileType = sourcecode.c.h; path = HXTXTabBarController.h; sourceTree = "<group>"; };
		6E0189B01C8520D9008E57E3 /* HXTXTabBarController.m */ = {isa = PBXFileReference; fileEncoding = 4; lastKnownFileType = sourcecode.c.objc; path = HXTXTabBarController.m; sourceTree = "<group>"; };
/* End PBXFileReference section */

/* Begin PBXFrameworksBuildPhase section */
		6E0189641C84701D008E57E3 /* Frameworks */ = {
			isa = PBXFrameworksBuildPhase;
			buildActionMask = 2147483647;
			files = (
			);
			runOnlyForDeploymentPostprocessing = 0;
		};
/* End PBXFrameworksBuildPhase section */

/* Begin PBXGroup section */
		6E01895E1C84701D008E57E3 = {
			isa = PBXGroup;
			children = (
				6E0189691C84701D008E57E3 /* HongXiuTianXiangApp */,
				6E0189681C84701D008E57E3 /* Products */,
			);
			sourceTree = "<group>";
		};
		6E0189681C84701D008E57E3 /* Products */ = {
			isa = PBXGroup;
			children = (
				6E0189671C84701D008E57E3 /* HongXiuTianXiangApp.app */,
			);
			name = Products;
			sourceTree = "<group>";
		};
		6E0189691C84701D008E57E3 /* HongXiuTianXiangApp */ = {
			isa = PBXGroup;
			children = (
				6E01898E1C84832C008E57E3 /* images */,
				6E0189811C847A70008E57E3 /* viewControllers */,
				6E01896D1C84701D008E57E3 /* AppDelegate.h */,
				6E01896E1C84701D008E57E3 /* AppDelegate.m */,
				6E0189701C84701D008E57E3 /* ViewController.h */,
				6E0189711C84701D008E57E3 /* ViewController.m */,
				6E0189731C84701D008E57E3 /* Main.storyboard */,
				6E0189761C84701D008E57E3 /* Assets.xcassets */,
				6E0189781C84701D008E57E3 /* LaunchScreen.storyboard */,
				6E01897B1C84701D008E57E3 /* Info.plist */,
				6E01896A1C84701D008E57E3 /* Supporting Files */,
			);
			path = HongXiuTianXiangApp;
			sourceTree = "<group>";
		};
		6E01896A1C84701D008E57E3 /* Supporting Files */ = {
			isa = PBXGroup;
			children = (
				6E01896B1C84701D008E57E3 /* main.m */,
			);
			name = "Supporting Files";
			sourceTree = "<group>";
		};
		6E0189811C847A70008E57E3 /* viewControllers */ = {
			isa = PBXGroup;
			children = (
				6E0189821C847AC4008E57E3 /* BookstoreViewController.h */,
				6E0189831C847AC4008E57E3 /* BookstoreViewController.m */,
				6E0189851C847AF8008E57E3 /* SearchBookViewController.h */,
				6E0189861C847AF8008E57E3 /* SearchBookViewController.m */,
				6E0189881C847B2B008E57E3 /* BookshelfViewController.h */,
				6E0189891C847B2B008E57E3 /* BookshelfViewController.m */,
				6E01898B1C847B5A008E57E3 /* MemberViewController.h */,
				6E01898C1C847B5A008E57E3 /* MemberViewController.m */,
				6E0189AF1C8520D9008E57E3 /* HXTXTabBarController.h */,
				6E0189B01C8520D9008E57E3 /* HXTXTabBarController.m */,
			);
			name = viewControllers;
			sourceTree = "<group>";
		};
		6E01898E1C84832C008E57E3 /* images */ = {
			isa = PBXGroup;
			children = (
				6E01898F1C848344008E57E3 /* shelf_sel@2x.png */,
				6E0189901C848344008E57E3 /* shelf_sel@3x.png */,
				6E0189911C848344008E57E3 /* shelf@2x.png */,
				6E0189921C848344008E57E3 /* shelf@3x.png */,
				6E0189971C848459008E57E3 /* user_sel@2x.png */,
				6E0189981C848459008E57E3 /* user_sel@3x.png */,
				6E0189991C848459008E57E3 /* user@2x.png */,
				6E01899A1C848459008E57E3 /* user@3x.png */,
				6E01899F1C848687008E57E3 /* home_sel@2x.png */,
				6E0189A01C848687008E57E3 /* home_sel@3x.png */,
				6E0189A11C848687008E57E3 /* home@2x.png */,
				6E0189A21C848687008E57E3 /* home@3x.png */,
				6E0189A71C848C11008E57E3 /* search_sel@2x.png */,
				6E0189A81C848C11008E57E3 /* search_sel@3x.png */,
				6E0189A91C848C11008E57E3 /* search@2x.png */,
				6E0189AA1C848C11008E57E3 /* search@3x.png */,
			);
			name = images;
			sourceTree = "<group>";
		};
/* End PBXGroup section */

/* Begin PBXNativeTarget section */
		6E0189661C84701D008E57E3 /* HongXiuTianXiangApp */ = {
			isa = PBXNativeTarget;
			buildConfigurationList = 6E01897E1C84701D008E57E3 /* Build configuration list for PBXNativeTarget "HongXiuTianXiangApp" */;
			buildPhases = (
				6E0189631C84701D008E57E3 /* Sources */,
				6E0189641C84701D008E57E3 /* Frameworks */,
				6E0189651C84701D008E57E3 /* Resources */,
			);
			buildRules = (
			);
			dependencies = (
			);
			name = HongXiuTianXiangApp;
			productName = HongXiuTianXiangApp;
			productReference = 6E0189671C84701D008E57E3 /* HongXiuTianXiangApp.app */;
			productType = "com.apple.product-type.application";
		};
/* End PBXNativeTarget section */

/* Begin PBXProject section */
		6E01895F1C84701D008E57E3 /* Project object */ = {
			isa = PBXProject;
			attributes = {
				LastUpgradeCheck = 0720;
				ORGANIZATIONNAME = "花生";
				TargetAttributes = {
					6E0189661C84701D008E57E3 = {
						CreatedOnToolsVersion = 7.2;
					};
				};
			};
			buildConfigurationList = 6E0189621C84701D008E57E3 /* Build configuration list for PBXProject "HongXiuTianXiangApp" */;
			compatibilityVersion = "Xcode 3.2";
			developmentRegion = English;
			hasScannedForEncodings = 0;
			knownRegions = (
				en,
				Base,
			);
			mainGroup = 6E01895E1C84701D008E57E3;
			productRefGroup = 6E0189681C84701D008E57E3 /* Products */;
			projectDirPath = "";
			projectRoot = "";
			targets = (
				6E0189661C84701D008E57E3 /* HongXiuTianXiangApp */,
			);
		};
/* End PBXProject section */

/* Begin PBXResourcesBuildPhase section */
		6E0189651C84701D008E57E3 /* Resources */ = {
			isa = PBXResourcesBuildPhase;
			buildActionMask = 2147483647;
			files = (
				6E0189AD1C848C11008E57E3 /* search@2x.png in Resources */,
				6E0189A31C848687008E57E3 /* home_sel@2x.png in Resources */,
				6E01897A1C84701D008E57E3 /* LaunchScreen.storyboard in Resources */,
				6E0189771C84701D008E57E3 /* Assets.xcassets in Resources */,
				6E0189AC1C848C11008E57E3 /* search_sel@3x.png in Resources */,
				6E01899E1C848459008E57E3 /* user@3x.png in Resources */,
				6E01899C1C848459008E57E3 /* user_sel@3x.png in Resources */,
				6E0189A51C848687008E57E3 /* home@2x.png in Resources */,
				6E0189941C848344008E57E3 /* shelf_sel@3x.png in Resources */,
				6E0189AB1C848C11008E57E3 /* search_sel@2x.png in Resources */,
				6E0189AE1C848C11008E57E3 /* search@3x.png in Resources */,
				6E0189931C848344008E57E3 /* shelf_sel@2x.png in Resources */,
				6E0189A61C848687008E57E3 /* home@3x.png in Resources */,
				6E0189751C84701D008E57E3 /* Main.storyboard in Resources */,
				6E0189961C848344008E57E3 /* shelf@3x.png in Resources */,
				6E01899D1C848459008E57E3 /* user@2x.png in Resources */,
				6E0189A41C848687008E57E3 /* home_sel@3x.png in Resources */,
				6E01899B1C848459008E57E3 /* user_sel@2x.png in Resources */,
				6E0189951C848344008E57E3 /* shelf@2x.png in Resources */,
			);
			runOnlyForDeploymentPostprocessing = 0;
		};
/* End PBXResourcesBuildPhase section */

/* Begin PBXSourcesBuildPhase section */
		6E0189631C84701D008E57E3 /* Sources */ = {
			isa = PBXSourcesBuildPhase;
			buildActionMask = 2147483647;
			files = (
				6E01898A1C847B2B008E57E3 /* BookshelfViewController.m in Sources */,
				6E0189721C84701D008E57E3 /* ViewController.m in Sources */,
				6E01896F1C84701D008E57E3 /* AppDelegate.m in Sources */,
				6E01896C1C84701D008E57E3 /* main.m in Sources */,
				6E0189871C847AF8008E57E3 /* SearchBookViewController.m in Sources */,
				6E0189B11C8520D9008E57E3 /* HXTXTabBarController.m in Sources */,
				6E0189841C847AC4008E57E3 /* BookstoreViewController.m in Sources */,
				6E01898D1C847B5A008E57E3 /* MemberViewController.m in Sources */,
			);
			runOnlyForDeploymentPostprocessing = 0;
		};
/* End PBXSourcesBuildPhase section */

/* Begin PBXVariantGroup section */
		6E0189731C84701D008E57E3 /* Main.storyboard */ = {
			isa = PBXVariantGroup;
			children = (
				6E0189741C84701D008E57E3 /* Base */,
			);
			name = Main.storyboard;
			sourceTree = "<group>";
		};
		6E0189781C84701D008E57E3 /* LaunchScreen.storyboard */ = {
			isa = PBXVariantGroup;
			children = (
				6E0189791C84701D008E57E3 /* Base */,
			);
			name = LaunchScreen.storyboard;
			sourceTree = "<group>";
		};
/* End PBXVariantGroup section */

/* Begin XCBuildConfiguration section */
		6E01897C1C84701D008E57E3 /* Debug */ = {
			isa = XCBuildConfiguration;
			buildSettings = {
				ALWAYS_SEARCH_USER_PATHS = NO;
				CLANG_CXX_LANGUAGE_STANDARD = "gnu++0x";
				CLANG_CXX_LIBRARY = "libc++";
				CLANG_ENABLE_MODULES = YES;
				CLANG_ENABLE_OBJC_ARC = YES;
				CLANG_WARN_BOOL_CONVERSION = YES;
				CLANG_WARN_CONSTANT_CONVERSION = YES;
				CLANG_WARN_DIRECT_OBJC_ISA_USAGE = YES_ERROR;
				CLANG_WARN_EMPTY_BODY = YES;
				CLANG_WARN_ENUM_CONVERSION = YES;
				CLANG_WARN_INT_CONVERSION = YES;
				CLANG_WARN_OBJC_ROOT_CLASS = YES_ERROR;
				CLANG_WARN_UNREACHABLE_CODE = YES;
				CLANG_WARN__DUPLICATE_METHOD_MATCH = YES;
				"CODE_SIGN_IDENTITY[sdk=iphoneos*]" = "iPhone Developer";
				COPY_PHASE_STRIP = NO;
				DEBUG_INFORMATION_FORMAT = dwarf;
				ENABLE_STRICT_OBJC_MSGSEND = YES;
				ENABLE_TESTABILITY = YES;
				GCC_C_LANGUAGE_STANDARD = gnu99;
				GCC_DYNAMIC_NO_PIC = NO;
				GCC_NO_COMMON_BLOCKS = YES;
				GCC_OPTIMIZATION_LEVEL = 0;
				GCC_PREPROCESSOR_DEFINITIONS = (
					"DEBUG=1",
					"$(inherited)",
				);
				GCC_WARN_64_TO_32_BIT_CONVERSION = YES;
				GCC_WARN_ABOUT_RETURN_TYPE = YES_ERROR;
				GCC_WARN_UNDECLARED_SELECTOR = YES;
				GCC_WARN_UNINITIALIZED_AUTOS = YES_AGGRESSIVE;
				GCC_WARN_UNUSED_FUNCTION = YES;
				GCC_WARN_UNUSED_VARIABLE = YES;
				IPHONEOS_DEPLOYMENT_TARGET = 9.2;
				MTL_ENABLE_DEBUG_INFO = YES;
				ONLY_ACTIVE_ARCH = YES;
				SDKROOT = iphoneos;
				TARGETED_DEVICE_FAMILY = "1,2";
			};
			name = Debug;
		};
		6E01897D1C84701D008E57E3 /* Release */ = {
			isa = XCBuildConfiguration;
			buildSettings = {
				ALWAYS_SEARCH_USER_PATHS = NO;
				CLANG_CXX_LANGUAGE_STANDARD = "gnu++0x";
				CLANG_CXX_LIBRARY = "libc++";
				CLANG_ENABLE_MODULES = YES;
				CLANG_ENABLE_OBJC_ARC = YES;
				CLANG_WARN_BOOL_CONVERSION = YES;
				CLANG_WARN_CONSTANT_CONVERSION = YES;
				CLANG_WARN_DIRECT_OBJC_ISA_USAGE = YES_ERROR;
				CLANG_WARN_EMPTY_BODY = YES;
				CLANG_WARN_ENUM_CONVERSION = YES;
				CLANG_WARN_INT_CONVERSION = YES;
				CLANG_WARN_OBJC_ROOT_CLASS = YES_ERROR;
				CLANG_WARN_UNREACHABLE_CODE = YES;
				CLANG_WARN__DUPLICATE_METHOD_MATCH = YES;
				"CODE_SIGN_IDENTITY[sdk=iphoneos*]" = "iPhone Developer";
				COPY_PHASE_STRIP = NO;
				DEBUG_INFORMATION_FORMAT = "dwarf-with-dsym";
				ENABLE_NS_ASSERTIONS = NO;
				ENABLE_STRICT_OBJC_MSGSEND = YES;
				GCC_C_LANGUAGE_STANDARD = gnu99;
				GCC_NO_COMMON_BLOCKS = YES;
				GCC_WARN_64_TO_32_BIT_CONVERSION = YES;
				GCC_WARN_ABOUT_RETURN_TYPE = YES_ERROR;
				GCC_WARN_UNDECLARED_SELECTOR = YES;
				GCC_WARN_UNINITIALIZED_AUTOS = YES_AGGRESSIVE;
				GCC_WARN_UNUSED_FUNCTION = YES;
				GCC_WARN_UNUSED_VARIABLE = YES;
				IPHONEOS_DEPLOYMENT_TARGET = 9.2;
				MTL_ENABLE_DEBUG_INFO = NO;
				SDKROOT = iphoneos;
				TARGETED_DEVICE_FAMILY = "1,2";
				VALIDATE_PRODUCT = YES;
			};
			name = Release;
		};
		6E01897F1C84701D008E57E3 /* Debug */ = {
			isa = XCBuildConfiguration;
			buildSettings = {
				ASSETCATALOG_COMPILER_APPICON_NAME = AppIcon;
				INFOPLIST_FILE = HongXiuTianXiangApp/Info.plist;
				LD_RUNPATH_SEARCH_PATHS = "$(inherited) @executable_path/Frameworks";
				PRODUCT_BUNDLE_IDENTIFIER = peanut.HongXiuTianXiangApp;
				PRODUCT_NAME = "$(TARGET_NAME)";
			};
			name = Debug;
		};
		6E0189801C84701D008E57E3 /* Release */ = {
			isa = XCBuildConfiguration;
			buildSettings = {
				ASSETCATALOG_COMPILER_APPICON_NAME = AppIcon;
				INFOPLIST_FILE = HongXiuTianXiangApp/Info.plist;
				LD_RUNPATH_SEARCH_PATHS = "$(inherited) @executable_path/Frameworks";
				PRODUCT_BUNDLE_IDENTIFIER = peanut.HongXiuTianXiangApp;
				PRODUCT_NAME = "$(TARGET_NAME)";
			};
			name = Release;
		};
/* End XCBuildConfiguration section */

/* Begin XCConfigurationList section */
		6E0189621C84701D008E57E3 /* Build configuration list for PBXProject "HongXiuTianXiangApp" */ = {
			isa = XCConfigurationList;
			buildConfigurations = (
				6E01897C1C84701D008E57E3 /* Debug */,
				6E01897D1C84701D008E57E3 /* Release */,
			);
			defaultConfigurationIsVisible = 0;
			defaultConfigurationName = Release;
		};
		6E01897E1C84701D008E57E3 /* Build configuration list for PBXNativeTarget "HongXiuTianXiangApp" */ = {
			isa = XCConfigurationList;
			buildConfigurations = (
				6E01897F1C84701D008E57E3 /* Debug */,
				6E0189801C84701D008E57E3 /* Release */,
			);
			defaultConfigurationIsVisible = 0;
		};
/* End XCConfigurationList section */
	};
	rootObject = 6E01895F1C84701D008E57E3 /* Project object */;
}
